
Microsoft Visual Studio Solution File, Format Version 12.00
# Visual Studio 2015
Project("{FAE04EC0-301F-11D3-BF4B-00C04F79EFBC}") = "GitHubRepos.CSharp", "GitHubRepos.CSharp.csproj", "{4203B4D0-92BD-E1EB-C967-119FFE6A7F5A}"
EndProject
Global
	GlobalSection(SolutionConfigurationPlatforms) = preSolution
		Debug|Any CPU = Debug|Any CPU
		Release|Any CPU = Release|Any CPU
	EndGlobalSection
	GlobalSection(ProjectConfigurationPlatforms) = postSolution
		{4203B4D0-92BD-E1EB-C967-119FFE6A7F5A}.Debug|Any CPU.ActiveCfg = Debug|Any CPU
		{4203B4D0-92BD-E1EB-C967-119FFE6A7F5A}.Debug|Any CPU.Build.0 = Debug|Any CPU
		{4203B4D0-92BD-E1EB-C967-119FFE6A7F5A}.Release|Any CPU.ActiveCfg = Release|Any CPU
		{4203B4D0-92BD-E1EB-C967-119FFE6A7F5A}.Release|Any CPU.Build.0 = Release|Any CPU
	EndGlobalSection
	GlobalSection(SolutionProperties) = preSolution
		HideSolutionNode = FALSE
	EndGlobalSection
EndGlobal
